Microsoft Visual Studio Solution File, Format Version 12.00
# Visual Studio Version 17
VisualStudioVersion = 17.5.2.0
MinimumVisualStudioVersion = 10.0.40219.1
Project("{FAE04EC0-301F-11D3-BF4B-00C04F79EFBC}") = "HelpingHands.Server", "HelpingHands.Server.csproj", "{1486A21C-3E0D-4719-F9AC-B687D377F0EE}"
EndProject
Global
	GlobalSection(SolutionConfigurationPlatforms) = preSolution
		Debug|Any CPU = Debug|Any CPU
		Release|Any CPU = Release|Any CPU
	EndGlobalSection
	GlobalSection(ProjectConfigurationPlatforms) = postSolution
		{1486A21C-3E0D-4719-F9AC-B687D377F0EE}.Debug|Any CPU.ActiveCfg = Debug|Any CPU
		{1486A21C-3E0D-4719-F9AC-B687D377F0EE}.Debug|Any CPU.Build.0 = Debug|Any CPU
		{1486A21C-3E0D-4719-F9AC-B687D377F0EE}.Release|Any CPU.ActiveCfg = Release|Any CPU
		{1486A21C-3E0D-4719-F9AC-B687D377F0EE}.Release|Any CPU.Build.0 = Release|Any CPU
	EndGlobalSection
	GlobalSection(SolutionProperties) = preSolution
		HideSolutionNode = FALSE
	EndGlobalSection
	GlobalSection(ExtensibilityGlobals) = postSolution
		SolutionGuid = {D8B713CD-83C7-466E-9C8B-C1F2639AF569}
	EndGlobalSection
EndGlobal
